<?xml version="1.0" encoding="UTF-8" standalone="yes" ?>
<CodeBlocks_project_file>
	<FileVersion major="1" minor="6" />
	<Project>
		<Option title="display" />
		<Option pch_mode="2" />
		<Option compiler="gcc" />
		<Option virtualFolders="headers/;shared/;glwin/;" />
		<Build>
			<Target title="Debug">
				<Option output="bin/Debug/display" prefix_auto="1" extension_auto="1" />
				<Option object_output="obj/Debug/" />
				<Option type="1" />
				<Option compiler="gcc" />
				<Option parameters="127.0.0.1 18002 127.0.0.1 18003" />
				<Compiler>
					<Add option="-g" />
					<Add directory="../include" />
				</Compiler>
			</Target>
		</Build>
		<Compiler>
			<Add option="-Wall" />
			<Add directory="../include" />
			<Add directory="./" />
		</Compiler>
		<Linker>
			<Add option="-lxcrypt" />
			<Add option="-lpthread" />
			<Add option="-lm" />
			<Add option="-L/usr/X11R6/lib -lGL -lGLU -lXxf86vm" />
		</Linker>
		<Unit filename="display.c">
			<Option compilerVar="CC" />
		</Unit>
		<Unit filename="display.h" />
		<Unit filename="glwin/gl_render_graph.c">
			<Option compilerVar="CC" />
			<Option virtualFolder="glwin/" />
		</Unit>
		<Unit filename="glwin/gl_window.c">
			<Option compilerVar="CC" />
			<Option virtualFolder="glwin/" />
		</Unit>
		<Unit filename="glwin/gl_window.h">
			<Option virtualFolder="glwin/" />
		</Unit>
		<Unit filename="glwin/gl_window_internal.h">
			<Option virtualFolder="glwin/" />
		</Unit>
		<Unit filename="metabuf.c">
			<Option compilerVar="CC" />
		</Unit>
		<Unit filename="reorderer.c">
			<Option compilerVar="CC" />
		</Unit>
		<Unit filename="ui_spawn.c">
			<Option compilerVar="CC" />
		</Unit>
		<Unit filename="../include/audio_sample.h">
			<Option virtualFolder="headers/" />
		</Unit>
		<Unit filename="../include/buffer.h">
			<Option virtualFolder="headers/" />
		</Unit>
		<Unit filename="../include/macros.h">
			<Option virtualFolder="headers/" />
		</Unit>
		<Unit filename="../include/pin.h">
			<Option virtualFolder="headers/" />
		</Unit>
		<Unit filename="../include/timing.h">
			<Option virtualFolder="headers/" />
		</Unit>
		<Unit filename="../shared/audio_sample.c">
			<Option compilerVar="CC" />
			<Option virtualFolder="shared/" />
		</Unit>
		<Unit filename="../shared/buffer.c">
			<Option compilerVar="CC" />
			<Option virtualFolder="shared/" />
		</Unit>
		<Unit filename="../shared/pin.c">
			<Option compilerVar="CC" />
			<Option virtualFolder="shared/" />
		</Unit>
		<Extensions>
			<code_completion />
			<envvars />
			<lib_finder disable_auto="1" />
			<debugger />
		</Extensions>
	</Project>
</CodeBlocks_project_file>
